
Microsoft Visual Studio Solution File, Format Version 11.00
# Visual Studio 2010
Project("{FAE04EC0-301F-11D3-BF4B-00C04F79EFBC}") = "StringMatching", "StringMatching\StringMatching.csproj", "{93D2377B-2D7F-430A-B9AB-08ED8136225F}"
EndProject
Project("{FAE04EC0-301F-11D3-BF4B-00C04F79EFBC}") = "WordFA", "WordFA\WordFA.csproj", "{ABDA80F2-3ED3-4770-BF65-51D353F50A8A}"
EndProject
Global
	GlobalSection(SolutionConfigurationPlatforms) = preSolution
		Debug|Any CPU = Debug|Any CPU
		Debug|Mixed Platforms = Debug|Mixed Platforms
		Debug|x86 = Debug|x86
		Release|Any CPU = Release|Any CPU
		Release|Mixed Platforms = Release|Mixed Platforms
		Release|x86 = Release|x86
	EndGlobalSection
	GlobalSection(ProjectConfigurationPlatforms) = postSolution
		{93D2377B-2D7F-430A-B9AB-08ED8136225F}.Debug|Any CPU.ActiveCfg = Debug|Any CPU
		{93D2377B-2D7F-430A-B9AB-08ED8136225F}.Debug|Any CPU.Build.0 = Debug|Any CPU
		{93D2377B-2D7F-430A-B9AB-08ED8136225F}.Debug|Mixed Platforms.ActiveCfg = Debug|Any CPU
		{93D2377B-2D7F-430A-B9AB-08ED8136225F}.Debug|Mixed Platforms.Build.0 = Debug|Any CPU
		{93D2377B-2D7F-430A-B9AB-08ED8136225F}.Debug|x86.ActiveCfg = Debug|Any CPU
		{93D2377B-2D7F-430A-B9AB-08ED8136225F}.Release|Any CPU.ActiveCfg = Release|Any CPU
		{93D2377B-2D7F-430A-B9AB-08ED8136225F}.Release|Any CPU.Build.0 = Release|Any CPU
		{93D2377B-2D7F-430A-B9AB-08ED8136225F}.Release|Mixed Platforms.ActiveCfg = Release|Any CPU
		{93D2377B-2D7F-430A-B9AB-08ED8136225F}.Release|Mixed Platforms.Build.0 = Release|Any CPU
		{93D2377B-2D7F-430A-B9AB-08ED8136225F}.Release|x86.ActiveCfg = Release|Any CPU
		{ABDA80F2-3ED3-4770-BF65-51D353F50A8A}.Debug|Any CPU.ActiveCfg = Debug|x86
		{ABDA80F2-3ED3-4770-BF65-51D353F50A8A}.Debug|Mixed Platforms.ActiveCfg = Debug|x86
		{ABDA80F2-3ED3-4770-BF65-51D353F50A8A}.Debug|Mixed Platforms.Build.0 = Debug|x86
		{ABDA80F2-3ED3-4770-BF65-51D353F50A8A}.Debug|x86.ActiveCfg = Debug|x86
		{ABDA80F2-3ED3-4770-BF65-51D353F50A8A}.Debug|x86.Build.0 = Debug|x86
		{ABDA80F2-3ED3-4770-BF65-51D353F50A8A}.Release|Any CPU.ActiveCfg = Release|x86
		{ABDA80F2-3ED3-4770-BF65-51D353F50A8A}.Release|Mixed Platforms.ActiveCfg = Release|x86
		{ABDA80F2-3ED3-4770-BF65-51D353F50A8A}.Release|Mixed Platforms.Build.0 = Release|x86
		{ABDA80F2-3ED3-4770-BF65-51D353F50A8A}.Release|x86.ActiveCfg = Release|x86
		{ABDA80F2-3ED3-4770-BF65-51D353F50A8A}.Release|x86.Build.0 = Release|x86
	EndGlobalSection
	GlobalSection(SolutionProperties) = preSolution
		HideSolutionNode = FALSE
	EndGlobalSection
EndGlobal
